
Microsoft Visual Studio Solution File, Format Version 12.00
# Visual Studio Version 16
VisualStudioVersion = 16.0.31515.178
MinimumVisualStudioVersion = 10.0.40219.1
Project("{FAE04EC0-301F-11D3-BF4B-00C04F79EFBC}") = "ZKTeko API Manager", "ZKTeko API Manager\ZKTeko API Manager.csproj", "{16F8EE2E-DAFF-4B8D-92C4-C4E5A968C094}"
EndProject
Project("{FAE04EC0-301F-11D3-BF4B-00C04F79EFBC}") = "HTTPRequestUtils", "HTTPRequestUtils\HTTPRequestUtils.csproj", "{436C2A1F-E07E-4745-96A4-D400BEEBF02B}"
EndProject
Project("{FAE04EC0-301F-11D3-BF4B-00C04F79EFBC}") = "ZKTekoLibrary", "ZKTekoLibrary\ZKTekoLibrary.csproj", "{AA1E1B49-0335-480B-9BFB-7127C10CFC7B}"
EndProject
Project("{FAE04EC0-301F-11D3-BF4B-00C04F79EFBC}") = "SQLUtils", "SQLUtils\SQLUtils.csproj", "{0BFACC87-C4CA-4033-BADF-361DF7FDD17C}"
EndProject
Global
	GlobalSection(SolutionConfigurationPlatforms) = preSolution
		Debug|Any CPU = Debug|Any CPU
		Release|Any CPU = Release|Any CPU
	EndGlobalSection
	GlobalSection(ProjectConfigurationPlatforms) = postSolution
		{16F8EE2E-DAFF-4B8D-92C4-C4E5A968C094}.Debug|Any CPU.ActiveCfg = Debug|Any CPU
		{16F8EE2E-DAFF-4B8D-92C4-C4E5A968C094}.Debug|Any CPU.Build.0 = Debug|Any CPU
		{16F8EE2E-DAFF-4B8D-92C4-C4E5A968C094}.Release|Any CPU.ActiveCfg = Release|Any CPU
		{16F8EE2E-DAFF-4B8D-92C4-C4E5A968C094}.Release|Any CPU.Build.0 = Release|Any CPU
		{436C2A1F-E07E-4745-96A4-D400BEEBF02B}.Debug|Any CPU.ActiveCfg = Debug|Any CPU
		{436C2A1F-E07E-4745-96A4-D400BEEBF02B}.Debug|Any CPU.Build.0 = Debug|Any CPU
		{436C2A1F-E07E-4745-96A4-D400BEEBF02B}.Release|Any CPU.ActiveCfg = Release|Any CPU
		{436C2A1F-E07E-4745-96A4-D400BEEBF02B}.Release|Any CPU.Build.0 = Release|Any CPU
		{AA1E1B49-0335-480B-9BFB-7127C10CFC7B}.Debug|Any CPU.ActiveCfg = Debug|Any CPU
		{AA1E1B49-0335-480B-9BFB-7127C10CFC7B}.Debug|Any CPU.Build.0 = Debug|Any CPU
		{AA1E1B49-0335-480B-9BFB-7127C10CFC7B}.Release|Any CPU.ActiveCfg = Release|Any CPU
		{AA1E1B49-0335-480B-9BFB-7127C10CFC7B}.Release|Any CPU.Build.0 = Release|Any CPU
		{0BFACC87-C4CA-4033-BADF-361DF7FDD17C}.Debug|Any CPU.ActiveCfg = Debug|Any CPU
		{0BFACC87-C4CA-4033-BADF-361DF7FDD17C}.Debug|Any CPU.Build.0 = Debug|Any CPU
		{0BFACC87-C4CA-4033-BADF-361DF7FDD17C}.Release|Any CPU.ActiveCfg = Release|Any CPU
		{0BFACC87-C4CA-4033-BADF-361DF7FDD17C}.Release|Any CPU.Build.0 = Release|Any CPU
	EndGlobalSection
	GlobalSection(SolutionProperties) = preSolution
		HideSolutionNode = FALSE
	EndGlobalSection
	GlobalSection(ExtensibilityGlobals) = postSolution
		SolutionGuid = {72904913-4D8E-466A-A235-DF0A0EF63D2C}
	EndGlobalSection
EndGlobal
